
Microsoft Visual Studio Solution File, Format Version 12.00
# Visual Studio 15
VisualStudioVersion = 15.0.28307.852
MinimumVisualStudioVersion = 10.0.40219.1
Project("{FAE04EC0-301F-11D3-BF4B-00C04F79EFBC}") = "CoderLibary", "CoderLibary\CoderLibary.csproj", "{CBBAADD4-6E7E-480B-B309-5A588295DD85}"
EndProject
Global
	GlobalSection(SolutionConfigurationPlatforms) = preSolution
		Debug|Any CPU = Debug|Any CPU
		Release|Any CPU = Release|Any CPU
	EndGlobalSection
	GlobalSection(ProjectConfigurationPlatforms) = postSolution
		{CBBAADD4-6E7E-480B-B309-5A588295DD85}.Debug|Any CPU.ActiveCfg = Debug|Any CPU
		{CBBAADD4-6E7E-480B-B309-5A588295DD85}.Debug|Any CPU.Build.0 = Debug|Any CPU
		{CBBAADD4-6E7E-480B-B309-5A588295DD85}.Release|Any CPU.ActiveCfg = Release|Any CPU
		{CBBAADD4-6E7E-480B-B309-5A588295DD85}.Release|Any CPU.Build.0 = Release|Any CPU
	EndGlobalSection
	GlobalSection(SolutionProperties) = preSolution
		HideSolutionNode = FALSE
	EndGlobalSection
	GlobalSection(ExtensibilityGlobals) = postSolution
		SolutionGuid = {2A69F6C4-A875-4998-BCB7-4562EF0BED07}
	EndGlobalSection
EndGlobal
